
Microsoft Visual Studio Solution File, Format Version 12.00
# Visual Studio Version 16
VisualStudioVersion = 16.0.30114.105
MinimumVisualStudioVersion = 10.0.40219.1
Project("{FAE04EC0-301F-11D3-BF4B-00C04F79EFBC}") = "SampleLibrary", "SampleLibrary\SampleLibrary.csproj", "{3E68A919-D474-4B67-B9D8-3A037CB0A7C8}"
EndProject
Project("{FAE04EC0-301F-11D3-BF4B-00C04F79EFBC}") = "SampleLibrary.Test", "SampleLibrary.Test\SampleLibrary.Test.csproj", "{1DEE6203-4746-492F-9FBD-271C7CCD094F}"
EndProject
Global
	GlobalSection(SolutionConfigurationPlatforms) = preSolution
		Debug|Any CPU = Debug|Any CPU
		Release|Any CPU = Release|Any CPU
	EndGlobalSection
	GlobalSection(SolutionProperties) = preSolution
		HideSolutionNode = FALSE
	EndGlobalSection
	GlobalSection(ProjectConfigurationPlatforms) = postSolution
		{3E68A919-D474-4B67-B9D8-3A037CB0A7C8}.Debug|Any CPU.ActiveCfg = Debug|Any CPU
		{3E68A919-D474-4B67-B9D8-3A037CB0A7C8}.Debug|Any CPU.Build.0 = Debug|Any CPU
		{3E68A919-D474-4B67-B9D8-3A037CB0A7C8}.Release|Any CPU.ActiveCfg = Release|Any CPU
		{3E68A919-D474-4B67-B9D8-3A037CB0A7C8}.Release|Any CPU.Build.0 = Release|Any CPU
		{1DEE6203-4746-492F-9FBD-271C7CCD094F}.Debug|Any CPU.ActiveCfg = Debug|Any CPU
		{1DEE6203-4746-492F-9FBD-271C7CCD094F}.Debug|Any CPU.Build.0 = Debug|Any CPU
		{1DEE6203-4746-492F-9FBD-271C7CCD094F}.Release|Any CPU.ActiveCfg = Release|Any CPU
		{1DEE6203-4746-492F-9FBD-271C7CCD094F}.Release|Any CPU.Build.0 = Release|Any CPU
	EndGlobalSection
EndGlobal
